[[projects]]
  branch = "master"
  name = "github.com/bogdanovich/dns_resolver"
  packages = ["."]
  revision = "a8e42bc6a5b6c9a93be01ca204be7e17f7ba4cd2"

[[projects]]
  name = "github.com/miekg/dns"
  packages = ["."]
  revision = "5a2b9fab83ff0f8bfc99684bd5f43a37abe560f1"
  version = "v1.0.8"

[[projects]]
  branch = "master"
  name = "github.com/subfinder/subfinder"
  packages = [
    "libsubfinder/engines/bruteforce",
    "libsubfinder/engines/passive",
    "libsubfinder/engines/resolver",
    "libsubfinder/helper",
    "libsubfinder/output",
    "libsubfinder/sources/archiveis",
    "libsubfinder/sources/ask",
    "libsubfinder/sources/baidu",
    "libsubfinder/sources/bing",
    "libsubfinder/sources/censys",
    "libsubfinder/sources/certdb",
    "libsubfinder/sources/certificatetransparency",
    "libsubfinder/sources/certspotter",
    "libsubfinder/sources/commoncrawl",
    "libsubfinder/sources/crtsh",
    "libsubfinder/sources/dnsdb",
    "libsubfinder/sources/dnsdumpster",
    "libsubfinder/sources/dogpile",
    "libsubfinder/sources/exalead",
    "libsubfinder/sources/findsubdomains",
    "libsubfinder/sources/googleter",
    "libsubfinder/sources/hackertarget",
    "libsubfinder/sources/ipv4info",
    "libsubfinder/sources/netcraft",
    "libsubfinder/sources/passivetotal",
    "libsubfinder/sources/ptrarchive",
    "libsubfinder/sources/riddler",
    "libsubfinder/sources/securitytrails",
    "libsubfinder/sources/shodan",
    "libsubfinder/sources/sitedossier",
    "libsubfinder/sources/threatcrowd",
    "libsubfinder/sources/threatminer",
    "libsubfinder/sources/virustotal",
    "libsubfinder/sources/waybackarchive",
    "libsubfinder/sources/yahoo",
    "subf"
  ]
  revision = "db37fe875cd3963e7f7a016556ed0fed1db27058"

[[projects]]
  branch = "master"
  name = "github.com/subfinder/urlx"
  packages = ["."]
  revision = "1a709dc0213d03e6aa1ea23fb5c83441556ee7dd"

[[projects]]
  branch = "master"
  name = "golang.org/x/crypto"
  packages = [
    "ed25519",
    "ed25519/internal/edwards25519"
  ]
  revision = "a49355c7e3f8fe157a85be2f77e6e269a0f89602"

[[projects]]
  branch = "master"
  name = "golang.org/x/net"
  packages = [
    "bpf",
    "internal/iana",
    "internal/socket",
    "ipv4",
    "ipv6"
  ]
  revision = "039a4258aec0ad3c79b905677cceeab13b296a77"

[solve-meta]
  analyzer-name = "dep"
  analyzer-version = 1
  inputs-digest = "9ad35abdfe13c3756b438a3af7ac20b9733eb84f2b65d35a6a9af94063d87783"
  solver-name = "gps-cdcl"
  solver-version = 1
