# This file is autogenerated, do not edit; changes may be undone by the next 'dep ensure'.


[[projects]]
  branch = "master"
  digest = "1:fecb89fd185fd281d6fd0fcd698c8d6bfb628cbb355808901500b414232af60d"
  name = "github.com/bogdanovich/dns_resolver"
  packages = ["."]
  pruneopts = "UT"
  revision = "a8e42bc6a5b6c9a93be01ca204be7e17f7ba4cd2"

[[projects]]
  digest = "1:1b46adc9e3d878cdf38a164cfdac2e19340f4d2662aa5bee88062f6ee08ac9df"
  name = "github.com/miekg/dns"
  packages = ["."]
  pruneopts = "UT"
  revision = "8fc2e5773bbd308ca2fcc962fd8d25c1bd0f6743"
  version = "v1.1.4"

[[projects]]
  digest = "1:d9bf2a9b88c0e37e5871a9bce498acd918ff7ff136fb0b2b9c943a3ffffc8103"
  name = "github.com/subfinder/subfinder"
  packages = [
    "libsubfinder/engines/bruteforce",
    "libsubfinder/engines/passive",
    "libsubfinder/engines/resolver",
    "libsubfinder/helper",
    "libsubfinder/output",
    "libsubfinder/sources/archiveis",
    "libsubfinder/sources/ask",
    "libsubfinder/sources/baidu",
    "libsubfinder/sources/bing",
    "libsubfinder/sources/censys",
    "libsubfinder/sources/certdb",
    "libsubfinder/sources/certificatetransparency",
    "libsubfinder/sources/certspotter",
    "libsubfinder/sources/commoncrawl",
    "libsubfinder/sources/crtsh",
    "libsubfinder/sources/dnsdb",
    "libsubfinder/sources/dnsdumpster",
    "libsubfinder/sources/dnstable",
    "libsubfinder/sources/dogpile",
    "libsubfinder/sources/exalead",
    "libsubfinder/sources/findsubdomains",
    "libsubfinder/sources/googleter",
    "libsubfinder/sources/hackertarget",
    "libsubfinder/sources/ipv4info",
    "libsubfinder/sources/passivetotal",
    "libsubfinder/sources/ptrarchive",
    "libsubfinder/sources/riddler",
    "libsubfinder/sources/securitytrails",
    "libsubfinder/sources/shodan",
    "libsubfinder/sources/sitedossier",
    "libsubfinder/sources/threatcrowd",
    "libsubfinder/sources/threatminer",
    "libsubfinder/sources/virustotal",
    "libsubfinder/sources/waybackarchive",
    "libsubfinder/sources/yahoo",
    "subf",
  ]
  pruneopts = "UT"
  revision = "b89ce975d1a578eddd14271542a5ed2296a06bb8"
  version = "1.2"

[[projects]]
  branch = "master"
  digest = "1:a551fb43ccfdc565b3749b218904c728eab00c99a7417a0860b5e58fe5a9c9db"
  name = "github.com/subfinder/urlx"
  packages = ["."]
  pruneopts = "UT"
  revision = "8e731c8be06edbae81cab15937cd3c291c2a7680"

[[projects]]
  branch = "master"
  digest = "1:d5891c5bca9c62e5d394ca26491d2b710a1dc08cedeb0ca8f9ac4c3305120b02"
  name = "golang.org/x/crypto"
  packages = [
    "ed25519",
    "ed25519/internal/edwards25519",
  ]
  pruneopts = "UT"
  revision = "7f87c0fbb88b590338857bcb720678c2583d4dea"

[[projects]]
  branch = "master"
  digest = "1:19beed19e4246df7aff387a2bcd4519a386e3fe9637690031c4d4b0cf75f7215"
  name = "golang.org/x/net"
  packages = [
    "bpf",
    "internal/iana",
    "internal/socket",
    "ipv4",
    "ipv6",
  ]
  pruneopts = "UT"
  revision = "fe579d43d83210096a79b46dcca0e3721058393a"

[[projects]]
  branch = "master"
  digest = "1:d0e9a312c4610a508569ab25e54d34600b1a96d19b1866ece104ffdf1c1b9d2c"
  name = "golang.org/x/sys"
  packages = ["unix"]
  pruneopts = "UT"
  revision = "cc5685c2db1239775905f3911f0067c0fa74762f"

[solve-meta]
  analyzer-name = "dep"
  analyzer-version = 1
  input-imports = [
    "github.com/bogdanovich/dns_resolver",
    "github.com/subfinder/subfinder/libsubfinder/engines/bruteforce",
    "github.com/subfinder/subfinder/libsubfinder/engines/passive",
    "github.com/subfinder/subfinder/libsubfinder/engines/resolver",
    "github.com/subfinder/subfinder/libsubfinder/helper",
    "github.com/subfinder/subfinder/libsubfinder/output",
    "github.com/subfinder/subfinder/libsubfinder/sources/archiveis",
    "github.com/subfinder/subfinder/libsubfinder/sources/ask",
    "github.com/subfinder/subfinder/libsubfinder/sources/baidu",
    "github.com/subfinder/subfinder/libsubfinder/sources/bing",
    "github.com/subfinder/subfinder/libsubfinder/sources/censys",
    "github.com/subfinder/subfinder/libsubfinder/sources/certdb",
    "github.com/subfinder/subfinder/libsubfinder/sources/certificatetransparency",
    "github.com/subfinder/subfinder/libsubfinder/sources/certspotter",
    "github.com/subfinder/subfinder/libsubfinder/sources/commoncrawl",
    "github.com/subfinder/subfinder/libsubfinder/sources/crtsh",
    "github.com/subfinder/subfinder/libsubfinder/sources/dnsdb",
    "github.com/subfinder/subfinder/libsubfinder/sources/dnsdumpster",
    "github.com/subfinder/subfinder/libsubfinder/sources/dnstable",
    "github.com/subfinder/subfinder/libsubfinder/sources/dogpile",
    "github.com/subfinder/subfinder/libsubfinder/sources/exalead",
    "github.com/subfinder/subfinder/libsubfinder/sources/findsubdomains",
    "github.com/subfinder/subfinder/libsubfinder/sources/googleter",
    "github.com/subfinder/subfinder/libsubfinder/sources/hackertarget",
    "github.com/subfinder/subfinder/libsubfinder/sources/ipv4info",
    "github.com/subfinder/subfinder/libsubfinder/sources/passivetotal",
    "github.com/subfinder/subfinder/libsubfinder/sources/ptrarchive",
    "github.com/subfinder/subfinder/libsubfinder/sources/riddler",
    "github.com/subfinder/subfinder/libsubfinder/sources/securitytrails",
    "github.com/subfinder/subfinder/libsubfinder/sources/shodan",
    "github.com/subfinder/subfinder/libsubfinder/sources/sitedossier",
    "github.com/subfinder/subfinder/libsubfinder/sources/threatcrowd",
    "github.com/subfinder/subfinder/libsubfinder/sources/threatminer",
    "github.com/subfinder/subfinder/libsubfinder/sources/virustotal",
    "github.com/subfinder/subfinder/libsubfinder/sources/waybackarchive",
    "github.com/subfinder/subfinder/libsubfinder/sources/yahoo",
    "github.com/subfinder/subfinder/subf",
    "github.com/subfinder/urlx",
  ]
  solver-name = "gps-cdcl"
  solver-version = 1
